
Microsoft Visual Studio Solution File, Format Version 11.00
# Visual Studio 2010
Project("{FAE04EC0-301F-11D3-BF4B-00C04F79EFBC}") = "Lahi", "Lahi\Lahi.csproj", "{DA68186A-5807-46D5-B004-39E876AFBAEE}"
EndProject
Global
	GlobalSection(SolutionConfigurationPlatforms) = preSolution
		Debug|Any CPU = Debug|Any CPU
		Release|Any CPU = Release|Any CPU
	EndGlobalSection
	GlobalSection(ProjectConfigurationPlatforms) = postSolution
		{DA68186A-5807-46D5-B004-39E876AFBAEE}.Debug|Any CPU.ActiveCfg = Debug|Any CPU
		{DA68186A-5807-46D5-B004-39E876AFBAEE}.Debug|Any CPU.Build.0 = Debug|Any CPU
		{DA68186A-5807-46D5-B004-39E876AFBAEE}.Release|Any CPU.ActiveCfg = Release|Any CPU
		{DA68186A-5807-46D5-B004-39E876AFBAEE}.Release|Any CPU.Build.0 = Release|Any CPU
	EndGlobalSection
	GlobalSection(SolutionProperties) = preSolution
		HideSolutionNode = FALSE
	EndGlobalSection
EndGlobal
